
Microsoft Visual Studio Solution File, Format Version 12.00
# Visual Studio Version 16
VisualStudioVersion = 16.0.30114.105
MinimumVisualStudioVersion = 10.0.40219.1
Project("{2150E333-8FDC-42A3-9474-1A3956D46DE8}") = "src", "src", "{05E148EF-66FF-415A-8DCB-3CB3DF1F42D9}"
EndProject
Project("{2150E333-8FDC-42A3-9474-1A3956D46DE8}") = "test", "test", "{09FC76FA-BC58-4B89-8D83-4482A8D34590}"
EndProject
Project("{2150E333-8FDC-42A3-9474-1A3956D46DE8}") = "Core", "Core", "{09F00271-A29F-4136-8B18-7A29F9AD9EC2}"
EndProject
Project("{2150E333-8FDC-42A3-9474-1A3956D46DE8}") = "Infrastructure", "Infrastructure", "{D19BD8ED-22AB-45FC-8C14-31B2C35816DB}"
EndProject
Project("{2150E333-8FDC-42A3-9474-1A3956D46DE8}") = "Presentation", "Presentation", "{675807FC-D358-40E7-A560-E1A319031C56}"
EndProject
Project("{FAE04EC0-301F-11D3-BF4B-00C04F79EFBC}") = "Application", "Application\Application.csproj", "{1C92F022-91BF-460D-8F77-ADFF55D76F46}"
EndProject
Project("{FAE04EC0-301F-11D3-BF4B-00C04F79EFBC}") = "Domain", "Domain\Domain.csproj", "{63B96A47-B272-485D-A87B-08365E7E85AB}"
EndProject
Project("{FAE04EC0-301F-11D3-BF4B-00C04F79EFBC}") = "Infrastructure", "Infrastructure\Infrastructure.csproj", "{BD9DB77D-7FEE-4A50-B0AA-B9BACDD0E376}"
EndProject
Project("{FAE04EC0-301F-11D3-BF4B-00C04F79EFBC}") = "WebApi", "WebApi\WebApi.csproj", "{F736D88B-8BEF-49EE-8B9D-6E5F53EE6799}"
EndProject
Global
	GlobalSection(SolutionConfigurationPlatforms) = preSolution
		Debug|Any CPU = Debug|Any CPU
		Release|Any CPU = Release|Any CPU
	EndGlobalSection
	GlobalSection(SolutionProperties) = preSolution
		HideSolutionNode = FALSE
	EndGlobalSection
	GlobalSection(NestedProjects) = preSolution
		{F736D88B-8BEF-49EE-8B9D-6E5F53EE6799} = {675807FC-D358-40E7-A560-E1A319031C56}
		{BD9DB77D-7FEE-4A50-B0AA-B9BACDD0E376} = {D19BD8ED-22AB-45FC-8C14-31B2C35816DB}
		{63B96A47-B272-485D-A87B-08365E7E85AB} = {09F00271-A29F-4136-8B18-7A29F9AD9EC2}
		{1C92F022-91BF-460D-8F77-ADFF55D76F46} = {09F00271-A29F-4136-8B18-7A29F9AD9EC2}
		{675807FC-D358-40E7-A560-E1A319031C56} = {05E148EF-66FF-415A-8DCB-3CB3DF1F42D9}
		{D19BD8ED-22AB-45FC-8C14-31B2C35816DB} = {05E148EF-66FF-415A-8DCB-3CB3DF1F42D9}
		{09F00271-A29F-4136-8B18-7A29F9AD9EC2} = {05E148EF-66FF-415A-8DCB-3CB3DF1F42D9}
	EndGlobalSection
	GlobalSection(ProjectConfigurationPlatforms) = postSolution
		{1C92F022-91BF-460D-8F77-ADFF55D76F46}.Debug|Any CPU.ActiveCfg = Debug|Any CPU
		{1C92F022-91BF-460D-8F77-ADFF55D76F46}.Debug|Any CPU.Build.0 = Debug|Any CPU
		{1C92F022-91BF-460D-8F77-ADFF55D76F46}.Release|Any CPU.ActiveCfg = Release|Any CPU
		{1C92F022-91BF-460D-8F77-ADFF55D76F46}.Release|Any CPU.Build.0 = Release|Any CPU
		{63B96A47-B272-485D-A87B-08365E7E85AB}.Debug|Any CPU.ActiveCfg = Debug|Any CPU
		{63B96A47-B272-485D-A87B-08365E7E85AB}.Debug|Any CPU.Build.0 = Debug|Any CPU
		{63B96A47-B272-485D-A87B-08365E7E85AB}.Release|Any CPU.ActiveCfg = Release|Any CPU
		{63B96A47-B272-485D-A87B-08365E7E85AB}.Release|Any CPU.Build.0 = Release|Any CPU
		{BD9DB77D-7FEE-4A50-B0AA-B9BACDD0E376}.Debug|Any CPU.ActiveCfg = Debug|Any CPU
		{BD9DB77D-7FEE-4A50-B0AA-B9BACDD0E376}.Debug|Any CPU.Build.0 = Debug|Any CPU
		{BD9DB77D-7FEE-4A50-B0AA-B9BACDD0E376}.Release|Any CPU.ActiveCfg = Release|Any CPU
		{BD9DB77D-7FEE-4A50-B0AA-B9BACDD0E376}.Release|Any CPU.Build.0 = Release|Any CPU
		{F736D88B-8BEF-49EE-8B9D-6E5F53EE6799}.Debug|Any CPU.ActiveCfg = Debug|Any CPU
		{F736D88B-8BEF-49EE-8B9D-6E5F53EE6799}.Debug|Any CPU.Build.0 = Debug|Any CPU
		{F736D88B-8BEF-49EE-8B9D-6E5F53EE6799}.Release|Any CPU.ActiveCfg = Release|Any CPU
		{F736D88B-8BEF-49EE-8B9D-6E5F53EE6799}.Release|Any CPU.Build.0 = Release|Any CPU
	EndGlobalSection
EndGlobal
